
Microsoft Visual Studio Solution File, Format Version 12.00
# Visual Studio 15
VisualStudioVersion = 15.0.27130.2036
MinimumVisualStudioVersion = 10.0.40219.1
Project("{2150E333-8FDC-42A3-9474-1A3956D46DE8}") = "Lab1", "Lab1", "{44541EE7-7704-457E-AA04-80EAF4526D54}"
EndProject
Project("{FAE04EC0-301F-11D3-BF4B-00C04F79EFBC}") = "Lab1", "Lab1\Lab1\Lab1.csproj", "{A7452562-ACBF-4330-A1F3-863EA93C2CCC}"
EndProject
Project("{FAE04EC0-301F-11D3-BF4B-00C04F79EFBC}") = "Lab1.ManagedLibrary", "Lab1\Lab1.ManagedLibrary\Lab1.ManagedLibrary.csproj", "{F16F0FA2-587A-4FCF-8CCF-ECB9820B901F}"
EndProject
Project("{FAE04EC0-301F-11D3-BF4B-00C04F79EFBC}") = "Lab1.DynamicManagedLibrary", "Lab1\Lab1.DynamicManagedLibrary\Lab1.DynamicManagedLibrary.csproj", "{9B21D371-281E-44A4-AC71-507AA083C96D}"
EndProject
Project("{2150E333-8FDC-42A3-9474-1A3956D46DE8}") = "Lab2", "Lab2", "{1C4370B4-5FB9-4036-8215-EEE30A61831A}"
EndProject
Project("{FAE04EC0-301F-11D3-BF4B-00C04F79EFBC}") = "Lab2", "Lab2\Lab2\Lab2.csproj", "{5E11EFD9-6C33-4960-A2F9-3A2049FA4E65}"
EndProject
Project("{2150E333-8FDC-42A3-9474-1A3956D46DE8}") = "Lab6", "Lab6", "{FC93BB9F-82DB-4238-8797-995756F708A2}"
EndProject
Project("{FAE04EC0-301F-11D3-BF4B-00C04F79EFBC}") = "Lab6", "Lab6\Lab6\Lab6.csproj", "{97DB3C86-068F-400D-BC6E-8D7991F524E0}"
EndProject
Project("{2150E333-8FDC-42A3-9474-1A3956D46DE8}") = "Lab3", "Lab3", "{B1070F72-6D77-4EB4-89C3-E4890281E167}"
EndProject
Project("{FAE04EC0-301F-11D3-BF4B-00C04F79EFBC}") = "Lab3", "Lab3\Lab3\Lab3.csproj", "{09409095-E253-44D3-9C5E-6D5342D09154}"
EndProject
Project("{2150E333-8FDC-42A3-9474-1A3956D46DE8}") = "Lab5", "Lab5", "{F6FDAC49-18E7-42F5-B17B-1FF7E1ACE8E1}"
EndProject
Project("{FAE04EC0-301F-11D3-BF4B-00C04F79EFBC}") = "TestServer", "Lab5\TestServer\TestServer.csproj", "{25789737-E440-46D8-B5F5-9E37B2396FA7}"
EndProject
Project("{FAE04EC0-301F-11D3-BF4B-00C04F79EFBC}") = "TestClient", "Lab5\TestClient\TestClient.csproj", "{91224D35-836E-412D-A5C7-C94C5C4DF76C}"
EndProject
Global
	GlobalSection(SolutionConfigurationPlatforms) = preSolution
		Debug|Any CPU = Debug|Any CPU
		Release|Any CPU = Release|Any CPU
	EndGlobalSection
	GlobalSection(ProjectConfigurationPlatforms) = postSolution
		{A7452562-ACBF-4330-A1F3-863EA93C2CCC}.Debug|Any CPU.ActiveCfg = Debug|Any CPU
		{A7452562-ACBF-4330-A1F3-863EA93C2CCC}.Debug|Any CPU.Build.0 = Debug|Any CPU
		{A7452562-ACBF-4330-A1F3-863EA93C2CCC}.Release|Any CPU.ActiveCfg = Release|Any CPU
		{A7452562-ACBF-4330-A1F3-863EA93C2CCC}.Release|Any CPU.Build.0 = Release|Any CPU
		{F16F0FA2-587A-4FCF-8CCF-ECB9820B901F}.Debug|Any CPU.ActiveCfg = Debug|Any CPU
		{F16F0FA2-587A-4FCF-8CCF-ECB9820B901F}.Debug|Any CPU.Build.0 = Debug|Any CPU
		{F16F0FA2-587A-4FCF-8CCF-ECB9820B901F}.Release|Any CPU.ActiveCfg = Release|Any CPU
		{F16F0FA2-587A-4FCF-8CCF-ECB9820B901F}.Release|Any CPU.Build.0 = Release|Any CPU
		{9B21D371-281E-44A4-AC71-507AA083C96D}.Debug|Any CPU.ActiveCfg = Debug|Any CPU
		{9B21D371-281E-44A4-AC71-507AA083C96D}.Debug|Any CPU.Build.0 = Debug|Any CPU
		{9B21D371-281E-44A4-AC71-507AA083C96D}.Release|Any CPU.ActiveCfg = Release|Any CPU
		{9B21D371-281E-44A4-AC71-507AA083C96D}.Release|Any CPU.Build.0 = Release|Any CPU
		{5E11EFD9-6C33-4960-A2F9-3A2049FA4E65}.Debug|Any CPU.ActiveCfg = Debug|Any CPU
		{5E11EFD9-6C33-4960-A2F9-3A2049FA4E65}.Debug|Any CPU.Build.0 = Debug|Any CPU
		{5E11EFD9-6C33-4960-A2F9-3A2049FA4E65}.Release|Any CPU.ActiveCfg = Release|Any CPU
		{5E11EFD9-6C33-4960-A2F9-3A2049FA4E65}.Release|Any CPU.Build.0 = Release|Any CPU
		{97DB3C86-068F-400D-BC6E-8D7991F524E0}.Debug|Any CPU.ActiveCfg = Debug|Any CPU
		{97DB3C86-068F-400D-BC6E-8D7991F524E0}.Debug|Any CPU.Build.0 = Debug|Any CPU
		{97DB3C86-068F-400D-BC6E-8D7991F524E0}.Release|Any CPU.ActiveCfg = Release|Any CPU
		{97DB3C86-068F-400D-BC6E-8D7991F524E0}.Release|Any CPU.Build.0 = Release|Any CPU
		{09409095-E253-44D3-9C5E-6D5342D09154}.Debug|Any CPU.ActiveCfg = Debug|Any CPU
		{09409095-E253-44D3-9C5E-6D5342D09154}.Debug|Any CPU.Build.0 = Debug|Any CPU
		{09409095-E253-44D3-9C5E-6D5342D09154}.Release|Any CPU.ActiveCfg = Release|Any CPU
		{09409095-E253-44D3-9C5E-6D5342D09154}.Release|Any CPU.Build.0 = Release|Any CPU
		{25789737-E440-46D8-B5F5-9E37B2396FA7}.Debug|Any CPU.ActiveCfg = Debug|Any CPU
		{25789737-E440-46D8-B5F5-9E37B2396FA7}.Debug|Any CPU.Build.0 = Debug|Any CPU
		{25789737-E440-46D8-B5F5-9E37B2396FA7}.Release|Any CPU.ActiveCfg = Release|Any CPU
		{25789737-E440-46D8-B5F5-9E37B2396FA7}.Release|Any CPU.Build.0 = Release|Any CPU
		{91224D35-836E-412D-A5C7-C94C5C4DF76C}.Debug|Any CPU.ActiveCfg = Debug|Any CPU
		{91224D35-836E-412D-A5C7-C94C5C4DF76C}.Debug|Any CPU.Build.0 = Debug|Any CPU
		{91224D35-836E-412D-A5C7-C94C5C4DF76C}.Release|Any CPU.ActiveCfg = Release|Any CPU
		{91224D35-836E-412D-A5C7-C94C5C4DF76C}.Release|Any CPU.Build.0 = Release|Any CPU
	EndGlobalSection
	GlobalSection(SolutionProperties) = preSolution
		HideSolutionNode = FALSE
	EndGlobalSection
	GlobalSection(NestedProjects) = preSolution
		{A7452562-ACBF-4330-A1F3-863EA93C2CCC} = {44541EE7-7704-457E-AA04-80EAF4526D54}
		{F16F0FA2-587A-4FCF-8CCF-ECB9820B901F} = {44541EE7-7704-457E-AA04-80EAF4526D54}
		{9B21D371-281E-44A4-AC71-507AA083C96D} = {44541EE7-7704-457E-AA04-80EAF4526D54}
		{5E11EFD9-6C33-4960-A2F9-3A2049FA4E65} = {1C4370B4-5FB9-4036-8215-EEE30A61831A}
		{97DB3C86-068F-400D-BC6E-8D7991F524E0} = {FC93BB9F-82DB-4238-8797-995756F708A2}
		{09409095-E253-44D3-9C5E-6D5342D09154} = {B1070F72-6D77-4EB4-89C3-E4890281E167}
		{25789737-E440-46D8-B5F5-9E37B2396FA7} = {F6FDAC49-18E7-42F5-B17B-1FF7E1ACE8E1}
		{91224D35-836E-412D-A5C7-C94C5C4DF76C} = {F6FDAC49-18E7-42F5-B17B-1FF7E1ACE8E1}
	EndGlobalSection
	GlobalSection(ExtensibilityGlobals) = postSolution
		SolutionGuid = {19A862FF-3390-4C0E-8242-EE8F15997795}
	EndGlobalSection
EndGlobal
